// !$*UTF8*$!
{
	archiveVersion = 1;
	classes = {
	};
	objectVersion = 77;
	objects = {

/* Begin PBXContainerItemProxy section */
		A976FAB62E37AEF200FF923B /* PBXContainerItemProxy */ = {
			isa = PBXContainerItemProxy;
			containerPortal = A976FAA02E37AEEF00FF923B /* Project object */;
			proxyType = 1;
			remoteGlobalIDString = A976FAA72E37AEEF00FF923B;
			remoteInfo = Flux;
		};
		A976FAC02E37AEF200FF923B /* PBXContainerItemProxy */ = {
			isa = PBXContainerItemProxy;
			containerPortal = A976FAA02E37AEEF00FF923B /* Project object */;
			proxyType = 1;
			remoteGlobalIDString = A976FAA72E37AEEF00FF923B;
			remoteInfo = Flux;
		};
/* End PBXContainerItemProxy section */

/* Begin PBXFileReference section */
		A976FAA82E37AEEF00FF923B /* Flux.app */ = {isa = PBXFileReference; explicitFileType = wrapper.application; includeInIndex = 0; path = Flux.app; sourceTree = BUILT_PRODUCTS_DIR; };
		A976FAB52E37AEF200FF923B /* FluxTests.xctest */ = {isa = PBXFileReference; explicitFileType = wrapper.cfbundle; includeInIndex = 0; path = FluxTests.xctest; sourceTree = BUILT_PRODUCTS_DIR; };
		A976FABF2E37AEF200FF923B /* FluxUITests.xctest */ = {isa = PBXFileReference; explicitFileType = wrapper.cfbundle; includeInIndex = 0; path = FluxUITests.xctest; sourceTree = BUILT_PRODUCTS_DIR; };
/* End PBXFileReference section */

/* Begin PBXFileSystemSynchronizedBuildFileExceptionSet section */
		A9D08BED2E554A970089F7F1 /* Exceptions for "Flux" folder in "Flux" target */ = {
			isa = PBXFileSystemSynchronizedBuildFileExceptionSet;
			membershipExceptions = (
				Commons/Fonts/Montserrat/OFL.txt,
				Commons/Fonts/Montserrat/README.txt,
				Commons/Fonts/Roboto_Mono/OFL.txt,
				Commons/Fonts/Roboto_Mono/README.txt,
				Commons/Fonts/Roboto_Serif/OFL.txt,
				Commons/Fonts/Roboto_Serif/README.txt,
			);
			target = A976FAA72E37AEEF00FF923B /* Flux */;
		};
/* End PBXFileSystemSynchronizedBuildFileExceptionSet section */

/* Begin PBXFileSystemSynchronizedRootGroup section */
		A976FAAA2E37AEEF00FF923B /* Flux */ = {
			isa = PBXFileSystemSynchronizedRootGroup;
			exceptions = (
				A9D08BED2E554A970089F7F1 /* Exceptions for "Flux" folder in "Flux" target */,
			);
			path = Flux;
			sourceTree = "<group>";
		};
		A976FAB82E37AEF200FF923B /* FluxTests */ = {
			isa = PBXFileSystemSynchronizedRootGroup;
			path = FluxTests;
			sourceTree = "<group>";
		};
		A976FAC22E37AEF200FF923B /* FluxUITests */ = {
			isa = PBXFileSystemSynchronizedRootGroup;
			path = FluxUITests;
			sourceTree = "<group>";
		};
/* End PBXFileSystemSynchronizedRootGroup section */

/* Begin PBXFrameworksBuildPhase section */
		A976FAA52E37AEEF00FF923B /* Frameworks */ = {
			isa = PBXFrameworksBuildPhase;
			buildActionMask = 2147483647;
			files = (
			);
			runOnlyForDeploymentPostprocessing = 0;
		};
		A976FAB22E37AEF200FF923B /* Frameworks */ = {
			isa = PBXFrameworksBuildPhase;
			buildActionMask = 2147483647;
			files = (
			);
			runOnlyForDeploymentPostprocessing = 0;
		};
		A976FABC2E37AEF200FF923B /* Frameworks */ = {
			isa = PBXFrameworksBuildPhase;
			buildActionMask = 2147483647;
			files = (
			);
			runOnlyForDeploymentPostprocessing = 0;
		};
/* End PBXFrameworksBuildPhase section */

/* Begin PBXGroup section */
		A976FA9F2E37AEEF00FF923B = {
			isa = PBXGroup;
			children = (
				A976FAAA2E37AEEF00FF923B /* Flux */,
				A976FAB82E37AEF200FF923B /* FluxTests */,
				A976FAC22E37AEF200FF923B /* FluxUITests */,
				A976FAA92E37AEEF00FF923B /* Products */,
			);
			sourceTree = "<group>";
		};
		A976FAA92E37AEEF00FF923B /* Products */ = {
			isa = PBXGroup;
			children = (
				A976FAA82E37AEEF00FF923B /* Flux.app */,
				A976FAB52E37AEF200FF923B /* FluxTests.xctest */,
				A976FABF2E37AEF200FF923B /* FluxUITests.xctest */,
			);
			name = Products;
			sourceTree = "<group>";
		};
/* End PBXGroup section */

/* Begin PBXNativeTarget section */
		A976FAA72E37AEEF00FF923B /* Flux */ = {
			isa = PBXNativeTarget;
			buildConfigurationList = A976FAC92E37AEF200FF923B /* Build configuration list for PBXNativeTarget "Flux" */;
			buildPhases = (
				A976FAA42E37AEEF00FF923B /* Sources */,
				A976FAA52E37AEEF00FF923B /* Frameworks */,
				A976FAA62E37AEEF00FF923B /* Resources */,
			);
			buildRules = (
			);
			dependencies = (
			);
			fileSystemSynchronizedGroups = (
				A976FAAA2E37AEEF00FF923B /* Flux */,
			);
			name = Flux;
			packageProductDependencies = (
			);
			productName = Flux;
			productReference = A976FAA82E37AEEF00FF923B /* Flux.app */;
			productType = "com.apple.product-type.application";
		};
		A976FAB42E37AEF200FF923B /* FluxTests */ = {
			isa = PBXNativeTarget;
			buildConfigurationList = A976FACC2E37AEF200FF923B /* Build configuration list for PBXNativeTarget "FluxTests" */;
			buildPhases = (
				A976FAB12E37AEF200FF923B /* Sources */,
				A976FAB22E37AEF200FF923B /* Frameworks */,
				A976FAB32E37AEF200FF923B /* Resources */,
			);
			buildRules = (
			);
			dependencies = (
				A976FAB72E37AEF200FF923B /* PBXTargetDependency */,
			);
			fileSystemSynchronizedGroups = (
				A976FAB82E37AEF200FF923B /* FluxTests */,
			);
			name = FluxTests;
			packageProductDependencies = (
			);
			productName = FluxTests;
			productReference = A976FAB52E37AEF200FF923B /* FluxTests.xctest */;
			productType = "com.apple.product-type.bundle.unit-test";
		};
		A976FABE2E37AEF200FF923B /* FluxUITests */ = {
			isa = PBXNativeTarget;
			buildConfigurationList = A976FACF2E37AEF200FF923B /* Build configuration list for PBXNativeTarget "FluxUITests" */;
			buildPhases = (
				A976FABB2E37AEF200FF923B /* Sources */,
				A976FABC2E37AEF200FF923B /* Frameworks */,
				A976FABD2E37AEF200FF923B /* Resources */,
			);
			buildRules = (
			);
			dependencies = (
				A976FAC12E37AEF200FF923B /* PBXTargetDependency */,
			);
			fileSystemSynchronizedGroups = (
				A976FAC22E37AEF200FF923B /* FluxUITests */,
			);
			name = FluxUITests;
			packageProductDependencies = (
			);
			productName = FluxUITests;
			productReference = A976FABF2E37AEF200FF923B /* FluxUITests.xctest */;
			productType = "com.apple.product-type.bundle.ui-testing";
		};
/* End PBXNativeTarget section */

/* Begin PBXProject section */
		A976FAA02E37AEEF00FF923B /* Project object */ = {
			isa = PBXProject;
			attributes = {
				BuildIndependentTargetsInParallel = 1;
				LastSwiftUpdateCheck = 1640;
				LastUpgradeCheck = 1640;
				TargetAttributes = {
					A976FAA72E37AEEF00FF923B = {
						CreatedOnToolsVersion = 16.4;
					};
					A976FAB42E37AEF200FF923B = {
						CreatedOnToolsVersion = 16.4;
						TestTargetID = A976FAA72E37AEEF00FF923B;
					};
					A976FABE2E37AEF200FF923B = {
						CreatedOnToolsVersion = 16.4;
						TestTargetID = A976FAA72E37AEEF00FF923B;
					};
				};
			};
			buildConfigurationList = A976FAA32E37AEEF00FF923B /* Build configuration list for PBXProject "Flux" */;
			developmentRegion = en;
			hasScannedForEncodings = 0;
			knownRegions = (
				en,
				Base,
			);
			mainGroup = A976FA9F2E37AEEF00FF923B;
			minimizedProjectReferenceProxies = 1;
			preferredProjectObjectVersion = 77;
			productRefGroup = A976FAA92E37AEEF00FF923B /* Products */;
			projectDirPath = "";
			projectRoot = "";
			targets = (
				A976FAA72E37AEEF00FF923B /* Flux */,
				A976FAB42E37AEF200FF923B /* FluxTests */,
				A976FABE2E37AEF200FF923B /* FluxUITests */,
			);
		};
/* End PBXProject section */

/* Begin PBXResourcesBuildPhase section */
		A976FAA62E37AEEF00FF923B /* Resources */ = {
			isa = PBXResourcesBuildPhase;
			buildActionMask = 2147483647;
			files = (
			);
			runOnlyForDeploymentPostprocessing = 0;
		};
		A976FAB32E37AEF200FF923B /* Resources */ = {
			isa = PBXResourcesBuildPhase;
			buildActionMask = 2147483647;
			files = (
			);
			runOnlyForDeploymentPostprocessing = 0;
		};
		A976FABD2E37AEF200FF923B /* Resources */ = {
			isa = PBXResourcesBuildPhase;
			buildActionMask = 2147483647;
			files = (
			);
			runOnlyForDeploymentPostprocessing = 0;
		};
/* End PBXResourcesBuildPhase section */

/* Begin PBXSourcesBuildPhase section */
		A976FAA42E37AEEF00FF923B /* Sources */ = {
			isa = PBXSourcesBuildPhase;
			buildActionMask = 2147483647;
			files = (
			);
			runOnlyForDeploymentPostprocessing = 0;
		};
		A976FAB12E37AEF200FF923B /* Sources */ = {
			isa = PBXSourcesBuildPhase;
			buildActionMask = 2147483647;
			files = (
			);
			runOnlyForDeploymentPostprocessing = 0;
		};
		A976FABB2E37AEF200FF923B /* Sources */ = {
			isa = PBXSourcesBuildPhase;
			buildActionMask = 2147483647;
			files = (
			);
			runOnlyForDeploymentPostprocessing = 0;
		};
/* End PBXSourcesBuildPhase section */

/* Begin PBXTargetDependency section */
		A976FAB72E37AEF200FF923B /* PBXTargetDependency */ = {
			isa = PBXTargetDependency;
			target = A976FAA72E37AEEF00FF923B /* Flux */;
			targetProxy = A976FAB62E37AEF200FF923B /* PBXContainerItemProxy */;
		};
		A976FAC12E37AEF200FF923B /* PBXTargetDependency */ = {
			isa = PBXTargetDependency;
			target = A976FAA72E37AEEF00FF923B /* Flux */;
			targetProxy = A976FAC02E37AEF200FF923B /* PBXContainerItemProxy */;
		};
/* End PBXTargetDependency section */

/* Begin XCBuildConfiguration section */
		A976FAC72E37AEF200FF923B /* Debug */ = {
			isa = XCBuildConfiguration;
			buildSettings = {
				ALWAYS_SEARCH_USER_PATHS = NO;
				ASSETCATALOG_COMPILER_GENERATE_SWIFT_ASSET_SYMBOL_EXTENSIONS = YES;
				CLANG_ANALYZER_NONNULL = YES;
				CLANG_ANALYZER_NUMBER_OBJECT_CONVERSION = YES_AGGRESSIVE;
				CLANG_CXX_LANGUAGE_STANDARD = "gnu++20";
				CLANG_ENABLE_MODULES = YES;
				CLANG_ENABLE_OBJC_ARC = YES;
				CLANG_ENABLE_OBJC_WEAK = YES;
				CLANG_WARN_BLOCK_CAPTURE_AUTORELEASING = YES;
				CLANG_WARN_BOOL_CONVERSION = YES;
				CLANG_WARN_COMMA = YES;
				CLANG_WARN_CONSTANT_CONVERSION = YES;
				CLANG_WARN_DEPRECATED_OBJC_IMPLEMENTATIONS = YES;
				CLANG_WARN_DIRECT_OBJC_ISA_USAGE = YES_ERROR;
				CLANG_WARN_DOCUMENTATION_COMMENTS = YES;
				CLANG_WARN_EMPTY_BODY = YES;
				CLANG_WARN_ENUM_CONVERSION = YES;
				CLANG_WARN_INFINITE_RECURSION = YES;
				CLANG_WARN_INT_CONVERSION = YES;
				CLANG_WARN_NON_LITERAL_NULL_CONVERSION = YES;
				CLANG_WARN_OBJC_IMPLICIT_RETAIN_SELF = YES;
				CLANG_WARN_OBJC_LITERAL_CONVERSION = YES;
				CLANG_WARN_OBJC_ROOT_CLASS = YES_ERROR;
				CLANG_WARN_QUOTED_INCLUDE_IN_FRAMEWORK_HEADER = YES;
				CLANG_WARN_RANGE_LOOP_ANALYSIS = YES;
				CLANG_WARN_STRICT_PROTOTYPES = YES;
				CLANG_WARN_SUSPICIOUS_MOVE = YES;
				CLANG_WARN_UNGUARDED_AVAILABILITY = YES_AGGRESSIVE;
				CLANG_WARN_UNREACHABLE_CODE = YES;
				CLANG_WARN__DUPLICATE_METHOD_MATCH = YES;
				COPY_PHASE_STRIP = NO;
				DEBUG_INFORMATION_FORMAT = dwarf;
				ENABLE_STRICT_OBJC_MSGSEND = YES;
				ENABLE_TESTABILITY = YES;
				ENABLE_USER_SCRIPT_SANDBOXING = YES;
				GCC_C_LANGUAGE_STANDARD = gnu17;
				GCC_DYNAMIC_NO_PIC = NO;
				GCC_NO_COMMON_BLOCKS = YES;
				GCC_OPTIMIZATION_LEVEL = 0;
				GCC_PREPROCESSOR_DEFINITIONS = (
					"DEBUG=1",
					"$(inherited)",
				);
				GCC_WARN_64_TO_32_BIT_CONVERSION = YES;
				GCC_WARN_ABOUT_RETURN_TYPE = YES_ERROR;
				GCC_WARN_UNDECLARED_SELECTOR = YES;
				GCC_WARN_UNINITIALIZED_AUTOS = YES_AGGRESSIVE;
				GCC_WARN_UNUSED_FUNCTION = YES;
				GCC_WARN_UNUSED_VARIABLE = YES;
				IPHONEOS_DEPLOYMENT_TARGET = 18.5;
				LOCALIZATION_PREFERS_STRING_CATALOGS = YES;
				MTL_ENABLE_DEBUG_INFO = INCLUDE_SOURCE;
				MTL_FAST_MATH = YES;
				ONLY_ACTIVE_ARCH = YES;
				SDKROOT = iphoneos;
				SWIFT_ACTIVE_COMPILATION_CONDITIONS = "DEBUG $(inherited)";
				SWIFT_OPTIMIZATION_LEVEL = "-Onone";
			};
			name = Debug;
		};
		A976FAC82E37AEF200FF923B /* Release */ = {
			isa = XCBuildConfiguration;
			buildSettings = {
				ALWAYS_SEARCH_USER_PATHS = NO;
				ASSETCATALOG_COMPILER_GENERATE_SWIFT_ASSET_SYMBOL_EXTENSIONS = YES;
				CLANG_ANALYZER_NONNULL = YES;
				CLANG_ANALYZER_NUMBER_OBJECT_CONVERSION = YES_AGGRESSIVE;
				CLANG_CXX_LANGUAGE_STANDARD = "gnu++20";
				CLANG_ENABLE_MODULES = YES;
				CLANG_ENABLE_OBJC_ARC = YES;
				CLANG_ENABLE_OBJC_WEAK = YES;
				CLANG_WARN_BLOCK_CAPTURE_AUTORELEASING = YES;
				CLANG_WARN_BOOL_CONVERSION = YES;
				CLANG_WARN_COMMA = YES;
				CLANG_WARN_CONSTANT_CONVERSION = YES;
				CLANG_WARN_DEPRECATED_OBJC_IMPLEMENTATIONS = YES;
				CLANG_WARN_DIRECT_OBJC_ISA_USAGE = YES_ERROR;
				CLANG_WARN_DOCUMENTATION_COMMENTS = YES;
				CLANG_WARN_EMPTY_BODY = YES;
				CLANG_WARN_ENUM_CONVERSION = YES;
				CLANG_WARN_INFINITE_RECURSION = YES;
				CLANG_WARN_INT_CONVERSION = YES;
				CLANG_WARN_NON_LITERAL_NULL_CONVERSION = YES;
				CLANG_WARN_OBJC_IMPLICIT_RETAIN_SELF = YES;
				CLANG_WARN_OBJC_LITERAL_CONVERSION = YES;
				CLANG_WARN_OBJC_ROOT_CLASS = YES_ERROR;
				CLANG_WARN_QUOTED_INCLUDE_IN_FRAMEWORK_HEADER = YES;
				CLANG_WARN_RANGE_LOOP_ANALYSIS = YES;
				CLANG_WARN_STRICT_PROTOTYPES = YES;
				CLANG_WARN_SUSPICIOUS_MOVE = YES;
				CLANG_WARN_UNGUARDED_AVAILABILITY = YES_AGGRESSIVE;
				CLANG_WARN_UNREACHABLE_CODE = YES;
				CLANG_WARN__DUPLICATE_METHOD_MATCH = YES;
				COPY_PHASE_STRIP = NO;
				DEBUG_INFORMATION_FORMAT = "dwarf-with-dsym";
				ENABLE_NS_ASSERTIONS = NO;
				ENABLE_STRICT_OBJC_MSGSEND = YES;
				ENABLE_USER_SCRIPT_SANDBOXING = YES;
				GCC_C_LANGUAGE_STANDARD = gnu17;
				GCC_NO_COMMON_BLOCKS = YES;
				GCC_WARN_64_TO_32_BIT_CONVERSION = YES;
				GCC_WARN_ABOUT_RETURN_TYPE = YES_ERROR;
				GCC_WARN_UNDECLARED_SELECTOR = YES;
				GCC_WARN_UNINITIALIZED_AUTOS = YES_AGGRESSIVE;
				GCC_WARN_UNUSED_FUNCTION = YES;
				GCC_WARN_UNUSED_VARIABLE = YES;
				IPHONEOS_DEPLOYMENT_TARGET = 18.5;
				LOCALIZATION_PREFERS_STRING_CATALOGS = YES;
				MTL_ENABLE_DEBUG_INFO = NO;
				MTL_FAST_MATH = YES;
				SDKROOT = iphoneos;
				SWIFT_COMPILATION_MODE = wholemodule;
				VALIDATE_PRODUCT = YES;
			};
			name = Release;
		};
		A976FACA2E37AEF200FF923B /* Debug */ = {
			isa = XCBuildConfiguration;
			buildSettings = {
				ASSETCATALOG_COMPILER_APPICON_NAME = AppIcon;
				ASSETCATALOG_COMPILER_GLOBAL_ACCENT_COLOR_NAME = AccentColor;
				CODE_SIGN_STYLE = Automatic;
				CURRENT_PROJECT_VERSION = 1;
				DEVELOPMENT_TEAM = LMTRNCP347;
				ENABLE_PREVIEWS = YES;
				GENERATE_INFOPLIST_FILE = YES;
				INFOPLIST_FILE = "";
				INFOPLIST_KEY_UIApplicationSceneManifest_Generation = YES;
				INFOPLIST_KEY_UIApplicationSupportsIndirectInputEvents = YES;
				INFOPLIST_KEY_UILaunchScreen_Generation = YES;
				INFOPLIST_KEY_UISupportedInterfaceOrientations_iPad = "UIInterfaceOrientationPortrait UIInterfaceOrientationPortraitUpsideDown UIInterfaceOrientationLandscapeLeft UIInterfaceOrientationLandscapeRight";
				INFOPLIST_KEY_UISupportedInterfaceOrientations_iPhone = "UIInterfaceOrientationPortrait UIInterfaceOrientationLandscapeLeft UIInterfaceOrientationLandscapeRight";
				LD_RUNPATH_SEARCH_PATHS = (
					"$(inherited)",
					"@executable_path/Frameworks",
				);
				MARKETING_VERSION = 1.0;
				PRODUCT_BUNDLE_IDENTIFIER = com.maurogfigueiredo.Flux;
				PRODUCT_NAME = "$(TARGET_NAME)";
				SWIFT_EMIT_LOC_STRINGS = YES;
				SWIFT_VERSION = 5.0;
				TARGETED_DEVICE_FAMILY = "1,2";
			};
			name = Debug;
		};
		A976FACB2E37AEF200FF923B /* Release */ = {
			isa = XCBuildConfiguration;
			buildSettings = {
				ASSETCATALOG_COMPILER_APPICON_NAME = AppIcon;
				ASSETCATALOG_COMPILER_GLOBAL_ACCENT_COLOR_NAME = AccentColor;
				CODE_SIGN_STYLE = Automatic;
				CURRENT_PROJECT_VERSION = 1;
				DEVELOPMENT_TEAM = LMTRNCP347;
				ENABLE_PREVIEWS = YES;
				GENERATE_INFOPLIST_FILE = YES;
				INFOPLIST_FILE = "";
				INFOPLIST_KEY_UIApplicationSceneManifest_Generation = YES;
				INFOPLIST_KEY_UIApplicationSupportsIndirectInputEvents = YES;
				INFOPLIST_KEY_UILaunchScreen_Generation = YES;
				INFOPLIST_KEY_UISupportedInterfaceOrientations_iPad = "UIInterfaceOrientationPortrait UIInterfaceOrientationPortraitUpsideDown UIInterfaceOrientationLandscapeLeft UIInterfaceOrientationLandscapeRight";
				INFOPLIST_KEY_UISupportedInterfaceOrientations_iPhone = "UIInterfaceOrientationPortrait UIInterfaceOrientationLandscapeLeft UIInterfaceOrientationLandscapeRight";
				LD_RUNPATH_SEARCH_PATHS = (
					"$(inherited)",
					"@executable_path/Frameworks",
				);
				MARKETING_VERSION = 1.0;
				PRODUCT_BUNDLE_IDENTIFIER = com.maurogfigueiredo.Flux;
				PRODUCT_NAME = "$(TARGET_NAME)";
				SWIFT_EMIT_LOC_STRINGS = YES;
				SWIFT_VERSION = 5.0;
				TARGETED_DEVICE_FAMILY = "1,2";
			};
			name = Release;
		};
		A976FACD2E37AEF200FF923B /* Debug */ = {
			isa = XCBuildConfiguration;
			buildSettings = {
				BUNDLE_LOADER = "$(TEST_HOST)";
				CODE_SIGN_STYLE = Automatic;
				CURRENT_PROJECT_VERSION = 1;
				GENERATE_INFOPLIST_FILE = YES;
				IPHONEOS_DEPLOYMENT_TARGET = 18.5;
				MARKETING_VERSION = 1.0;
				PRODUCT_BUNDLE_IDENTIFIER = com.maurogfigueiredo.FluxTests;
				PRODUCT_NAME = "$(TARGET_NAME)";
				SWIFT_EMIT_LOC_STRINGS = NO;
				SWIFT_VERSION = 5.0;
				TARGETED_DEVICE_FAMILY = "1,2";
				TEST_HOST = "$(BUILT_PRODUCTS_DIR)/Flux.app/$(BUNDLE_EXECUTABLE_FOLDER_PATH)/Flux";
			};
			name = Debug;
		};
		A976FACE2E37AEF200FF923B /* Release */ = {
			isa = XCBuildConfiguration;
			buildSettings = {
				BUNDLE_LOADER = "$(TEST_HOST)";
				CODE_SIGN_STYLE = Automatic;
				CURRENT_PROJECT_VERSION = 1;
				GENERATE_INFOPLIST_FILE = YES;
				IPHONEOS_DEPLOYMENT_TARGET = 18.5;
				MARKETING_VERSION = 1.0;
				PRODUCT_BUNDLE_IDENTIFIER = com.maurogfigueiredo.FluxTests;
				PRODUCT_NAME = "$(TARGET_NAME)";
				SWIFT_EMIT_LOC_STRINGS = NO;
				SWIFT_VERSION = 5.0;
				TARGETED_DEVICE_FAMILY = "1,2";
				TEST_HOST = "$(BUILT_PRODUCTS_DIR)/Flux.app/$(BUNDLE_EXECUTABLE_FOLDER_PATH)/Flux";
			};
			name = Release;
		};
		A976FAD02E37AEF200FF923B /* Debug */ = {
			isa = XCBuildConfiguration;
			buildSettings = {
				CODE_SIGN_STYLE = Automatic;
				CURRENT_PROJECT_VERSION = 1;
				GENERATE_INFOPLIST_FILE = YES;
				MARKETING_VERSION = 1.0;
				PRODUCT_BUNDLE_IDENTIFIER = com.maurogfigueiredo.FluxUITests;
				PRODUCT_NAME = "$(TARGET_NAME)";
				SWIFT_EMIT_LOC_STRINGS = NO;
				SWIFT_VERSION = 5.0;
				TARGETED_DEVICE_FAMILY = "1,2";
				TEST_TARGET_NAME = Flux;
			};
			name = Debug;
		};
		A976FAD12E37AEF200FF923B /* Release */ = {
			isa = XCBuildConfiguration;
			buildSettings = {
				CODE_SIGN_STYLE = Automatic;
				CURRENT_PROJECT_VERSION = 1;
				GENERATE_INFOPLIST_FILE = YES;
				MARKETING_VERSION = 1.0;
				PRODUCT_BUNDLE_IDENTIFIER = com.maurogfigueiredo.FluxUITests;
				PRODUCT_NAME = "$(TARGET_NAME)";
				SWIFT_EMIT_LOC_STRINGS = NO;
				SWIFT_VERSION = 5.0;
				TARGETED_DEVICE_FAMILY = "1,2";
				TEST_TARGET_NAME = Flux;
			};
			name = Release;
		};
/* End XCBuildConfiguration section */

/* Begin XCConfigurationList section */
		A976FAA32E37AEEF00FF923B /* Build configuration list for PBXProject "Flux" */ = {
			isa = XCConfigurationList;
			buildConfigurations = (
				A976FAC72E37AEF200FF923B /* Debug */,
				A976FAC82E37AEF200FF923B /* Release */,
			);
			defaultConfigurationIsVisible = 0;
			defaultConfigurationName = Release;
		};
		A976FAC92E37AEF200FF923B /* Build configuration list for PBXNativeTarget "Flux" */ = {
			isa = XCConfigurationList;
			buildConfigurations = (
				A976FACA2E37AEF200FF923B /* Debug */,
				A976FACB2E37AEF200FF923B /* Release */,
			);
			defaultConfigurationIsVisible = 0;
			defaultConfigurationName = Release;
		};
		A976FACC2E37AEF200FF923B /* Build configuration list for PBXNativeTarget "FluxTests" */ = {
			isa = XCConfigurationList;
			buildConfigurations = (
				A976FACD2E37AEF200FF923B /* Debug */,
				A976FACE2E37AEF200FF923B /* Release */,
			);
			defaultConfigurationIsVisible = 0;
			defaultConfigurationName = Release;
		};
		A976FACF2E37AEF200FF923B /* Build configuration list for PBXNativeTarget "FluxUITests" */ = {
			isa = XCConfigurationList;
			buildConfigurations = (
				A976FAD02E37AEF200FF923B /* Debug */,
				A976FAD12E37AEF200FF923B /* Release */,
			);
			defaultConfigurationIsVisible = 0;
			defaultConfigurationName = Release;
		};
/* End XCConfigurationList section */
	};
	rootObject = A976FAA02E37AEEF00FF923B /* Project object */;
}
